
Microsoft Visual Studio Solution File, Format Version 12.00
# Visual Studio Version 17
VisualStudioVersion = 17.2.32519.379
MinimumVisualStudioVersion = 10.0.40219.1
Project("{9A19103F-16F7-4668-BE54-9A1E7A4F7556}") = "EmployeePayRollADO.Net", "EmployeePayRollADO.Net\EmployeePayRollADO.Net.csproj", "{268580FC-02D4-4280-A83E-8666A82F66FC}"
EndProject
Project("{FAE04EC0-301F-11D3-BF4B-00C04F79EFBC}") = "EmployeePayRollTest", "EmployeePayRollTest\EmployeePayRollTest.csproj", "{D4DB4E38-AE43-449A-A894-93DF0F9332D6}"
EndProject
Global
	GlobalSection(SolutionConfigurationPlatforms) = preSolution
		Debug|Any CPU = Debug|Any CPU
		Release|Any CPU = Release|Any CPU
	EndGlobalSection
	GlobalSection(ProjectConfigurationPlatforms) = postSolution
		{268580FC-02D4-4280-A83E-8666A82F66FC}.Debug|Any CPU.ActiveCfg = Debug|Any CPU
		{268580FC-02D4-4280-A83E-8666A82F66FC}.Debug|Any CPU.Build.0 = Debug|Any CPU
		{268580FC-02D4-4280-A83E-8666A82F66FC}.Release|Any CPU.ActiveCfg = Release|Any CPU
		{268580FC-02D4-4280-A83E-8666A82F66FC}.Release|Any CPU.Build.0 = Release|Any CPU
		{D4DB4E38-AE43-449A-A894-93DF0F9332D6}.Debug|Any CPU.ActiveCfg = Debug|Any CPU
		{D4DB4E38-AE43-449A-A894-93DF0F9332D6}.Debug|Any CPU.Build.0 = Debug|Any CPU
		{D4DB4E38-AE43-449A-A894-93DF0F9332D6}.Release|Any CPU.ActiveCfg = Release|Any CPU
		{D4DB4E38-AE43-449A-A894-93DF0F9332D6}.Release|Any CPU.Build.0 = Release|Any CPU
	EndGlobalSection
	GlobalSection(SolutionProperties) = preSolution
		HideSolutionNode = FALSE
	EndGlobalSection
	GlobalSection(ExtensibilityGlobals) = postSolution
		SolutionGuid = {49E2E5B8-8480-4EE2-B458-6A136DB652D2}
	EndGlobalSection
EndGlobal
